
Microsoft Visual Studio Solution File, Format Version 12.00
# Visual Studio Version 16
VisualStudioVersion = 16.0.30413.136
MinimumVisualStudioVersion = 10.0.40219.1
Project("{FAE04EC0-301F-11D3-BF4B-00C04F79EFBC}") = "PS223020-note", "PS223020-note\PS223020-note.csproj", "{E6F1B98A-8579-4FC3-9530-3F10BB203DBB}"
EndProject
Global
	GlobalSection(SolutionConfigurationPlatforms) = preSolution
		Debug|Any CPU = Debug|Any CPU
		Release|Any CPU = Release|Any CPU
	EndGlobalSection
	GlobalSection(ProjectConfigurationPlatforms) = postSolution
		{E6F1B98A-8579-4FC3-9530-3F10BB203DBB}.Debug|Any CPU.ActiveCfg = Debug|Any CPU
		{E6F1B98A-8579-4FC3-9530-3F10BB203DBB}.Debug|Any CPU.Build.0 = Debug|Any CPU
		{E6F1B98A-8579-4FC3-9530-3F10BB203DBB}.Release|Any CPU.ActiveCfg = Release|Any CPU
		{E6F1B98A-8579-4FC3-9530-3F10BB203DBB}.Release|Any CPU.Build.0 = Release|Any CPU
	EndGlobalSection
	GlobalSection(SolutionProperties) = preSolution
		HideSolutionNode = FALSE
	EndGlobalSection
	GlobalSection(ExtensibilityGlobals) = postSolution
		SolutionGuid = {995CF966-31BC-4137-9F50-9E640D095D81}
	EndGlobalSection
EndGlobal
