
Microsoft Visual Studio Solution File, Format Version 12.00
# Visual Studio Version 16
VisualStudioVersion = 16.0.30717.126
MinimumVisualStudioVersion = 10.0.40219.1
Project("{FAE04EC0-301F-11D3-BF4B-00C04F79EFBC}") = "WebApplication1", "WebApplication1\WebApplication1.csproj", "{CF89E0FA-CBCF-4C43-8264-7610F2419408}"
EndProject
Global
	GlobalSection(SolutionConfigurationPlatforms) = preSolution
		Debug|Any CPU = Debug|Any CPU
		Release|Any CPU = Release|Any CPU
	EndGlobalSection
	GlobalSection(ProjectConfigurationPlatforms) = postSolution
		{CF89E0FA-CBCF-4C43-8264-7610F2419408}.Debug|Any CPU.ActiveCfg = Debug|Any CPU
		{CF89E0FA-CBCF-4C43-8264-7610F2419408}.Debug|Any CPU.Build.0 = Debug|Any CPU
		{CF89E0FA-CBCF-4C43-8264-7610F2419408}.Release|Any CPU.ActiveCfg = Release|Any CPU
		{CF89E0FA-CBCF-4C43-8264-7610F2419408}.Release|Any CPU.Build.0 = Release|Any CPU
	EndGlobalSection
	GlobalSection(SolutionProperties) = preSolution
		HideSolutionNode = FALSE
	EndGlobalSection
	GlobalSection(ExtensibilityGlobals) = postSolution
		SolutionGuid = {B3B5C003-9BAF-457A-86BF-FA77992CAA34}
	EndGlobalSection
EndGlobal
